// !$*UTF8*$!
{
	archiveVersion = 1;
	classes = {
	};
	objectVersion = 56;
	objects = {

/* Begin PBXBuildFile section */
		6A1BDEE52A4F486B006306EA /* FructusApp.swift in Sources */ = {isa = PBXBuildFile; fileRef = 6A1BDEE42A4F486B006306EA /* FructusApp.swift */; };
		6A1BDEE72A4F486B006306EA /* ContentView.swift in Sources */ = {isa = PBXBuildFile; fileRef = 6A1BDEE62A4F486B006306EA /* ContentView.swift */; };
		6A1BDEE92A4F486D006306EA /* Assets.xcassets in Resources */ = {isa = PBXBuildFile; fileRef = 6A1BDEE82A4F486D006306EA /* Assets.xcassets */; };
		6A1BDEEC2A4F486D006306EA /* Preview Assets.xcassets in Resources */ = {isa = PBXBuildFile; fileRef = 6A1BDEEB2A4F486D006306EA /* Preview Assets.xcassets */; };
		6A1BDEF52A4F4BD1006306EA /* CardView.swift in Sources */ = {isa = PBXBuildFile; fileRef = 6A1BDEF42A4F4BD1006306EA /* CardView.swift */; };
		6A1BDEF72A4F5085006306EA /* StartButtonView.swift in Sources */ = {isa = PBXBuildFile; fileRef = 6A1BDEF62A4F5085006306EA /* StartButtonView.swift */; };
		6A1BDEF92A4F5ACD006306EA /* OnboardingView.swift in Sources */ = {isa = PBXBuildFile; fileRef = 6A1BDEF82A4F5ACD006306EA /* OnboardingView.swift */; };
		6A1BDEFC2A4F5C5D006306EA /* FruitModel.swift in Sources */ = {isa = PBXBuildFile; fileRef = 6A1BDEFB2A4F5C5D006306EA /* FruitModel.swift */; };
		6A1BDEFF2A4F5D4E006306EA /* FruitData.swift in Sources */ = {isa = PBXBuildFile; fileRef = 6A1BDEFE2A4F5D4E006306EA /* FruitData.swift */; };
/* End PBXBuildFile section */

/* Begin PBXFileReference section */
		6A1BDEE12A4F486B006306EA /* Fructus.app */ = {isa = PBXFileReference; explicitFileType = wrapper.application; includeInIndex = 0; path = Fructus.app; sourceTree = BUILT_PRODUCTS_DIR; };
		6A1BDEE42A4F486B006306EA /* FructusApp.swift */ = {isa = PBXFileReference; lastKnownFileType = sourcecode.swift; path = FructusApp.swift; sourceTree = "<group>"; };
		6A1BDEE62A4F486B006306EA /* ContentView.swift */ = {isa = PBXFileReference; lastKnownFileType = sourcecode.swift; path = ContentView.swift; sourceTree = "<group>"; };
		6A1BDEE82A4F486D006306EA /* Assets.xcassets */ = {isa = PBXFileReference; lastKnownFileType = folder.assetcatalog; path = Assets.xcassets; sourceTree = "<group>"; };
		6A1BDEEB2A4F486D006306EA /* Preview Assets.xcassets */ = {isa = PBXFileReference; lastKnownFileType = folder.assetcatalog; path = "Preview Assets.xcassets"; sourceTree = "<group>"; };
		6A1BDEF42A4F4BD1006306EA /* CardView.swift */ = {isa = PBXFileReference; lastKnownFileType = sourcecode.swift; path = CardView.swift; sourceTree = "<group>"; };
		6A1BDEF62A4F5085006306EA /* StartButtonView.swift */ = {isa = PBXFileReference; lastKnownFileType = sourcecode.swift; path = StartButtonView.swift; sourceTree = "<group>"; };
		6A1BDEF82A4F5ACD006306EA /* OnboardingView.swift */ = {isa = PBXFileReference; lastKnownFileType = sourcecode.swift; path = OnboardingView.swift; sourceTree = "<group>"; };
		6A1BDEFB2A4F5C5D006306EA /* FruitModel.swift */ = {isa = PBXFileReference; lastKnownFileType = sourcecode.swift; path = FruitModel.swift; sourceTree = "<group>"; };
		6A1BDEFE2A4F5D4E006306EA /* FruitData.swift */ = {isa = PBXFileReference; lastKnownFileType = sourcecode.swift; path = FruitData.swift; sourceTree = "<group>"; };
/* End PBXFileReference section */

/* Begin PBXFrameworksBuildPhase section */
		6A1BDEDE2A4F486B006306EA /* Frameworks */ = {
			isa = PBXFrameworksBuildPhase;
			buildActionMask = 2147483647;
			files = (
			);
			runOnlyForDeploymentPostprocessing = 0;
		};
/* End PBXFrameworksBuildPhase section */

/* Begin PBXGroup section */
		6A1BDED82A4F486B006306EA = {
			isa = PBXGroup;
			children = (
				6A1BDEE32A4F486B006306EA /* Fructus */,
				6A1BDEE22A4F486B006306EA /* Products */,
			);
			sourceTree = "<group>";
		};
		6A1BDEE22A4F486B006306EA /* Products */ = {
			isa = PBXGroup;
			children = (
				6A1BDEE12A4F486B006306EA /* Fructus.app */,
			);
			name = Products;
			sourceTree = "<group>";
		};
		6A1BDEE32A4F486B006306EA /* Fructus */ = {
			isa = PBXGroup;
			children = (
				6A1BDEFD2A4F5D3D006306EA /* Data */,
				6A1BDEFA2A4F5C48006306EA /* Model */,
				6A1BDEF32A4F4BB1006306EA /* View */,
				6A1BDEF22A4F4AFA006306EA /* App */,
				6A1BDEE82A4F486D006306EA /* Assets.xcassets */,
				6A1BDEEA2A4F486D006306EA /* Preview Content */,
			);
			path = Fructus;
			sourceTree = "<group>";
		};
		6A1BDEEA2A4F486D006306EA /* Preview Content */ = {
			isa = PBXGroup;
			children = (
				6A1BDEEB2A4F486D006306EA /* Preview Assets.xcassets */,
			);
			path = "Preview Content";
			sourceTree = "<group>";
		};
		6A1BDEF22A4F4AFA006306EA /* App */ = {
			isa = PBXGroup;
			children = (
				6A1BDEE42A4F486B006306EA /* FructusApp.swift */,
				6A1BDEE62A4F486B006306EA /* ContentView.swift */,
				6A1BDEF82A4F5ACD006306EA /* OnboardingView.swift */,
			);
			path = App;
			sourceTree = "<group>";
		};
		6A1BDEF32A4F4BB1006306EA /* View */ = {
			isa = PBXGroup;
			children = (
				6A1BDEF42A4F4BD1006306EA /* CardView.swift */,
				6A1BDEF62A4F5085006306EA /* StartButtonView.swift */,
			);
			path = View;
			sourceTree = "<group>";
		};
		6A1BDEFA2A4F5C48006306EA /* Model */ = {
			isa = PBXGroup;
			children = (
				6A1BDEFB2A4F5C5D006306EA /* FruitModel.swift */,
			);
			path = Model;
			sourceTree = "<group>";
		};
		6A1BDEFD2A4F5D3D006306EA /* Data */ = {
			isa = PBXGroup;
			children = (
				6A1BDEFE2A4F5D4E006306EA /* FruitData.swift */,
			);
			path = Data;
			sourceTree = "<group>";
		};
/* End PBXGroup section */

/* Begin PBXNativeTarget section */
		6A1BDEE02A4F486B006306EA /* Fructus */ = {
			isa = PBXNativeTarget;
			buildConfigurationList = 6A1BDEEF2A4F486D006306EA /* Build configuration list for PBXNativeTarget "Fructus" */;
			buildPhases = (
				6A1BDEDD2A4F486B006306EA /* Sources */,
				6A1BDEDE2A4F486B006306EA /* Frameworks */,
				6A1BDEDF2A4F486B006306EA /* Resources */,
			);
			buildRules = (
			);
			dependencies = (
			);
			name = Fructus;
			productName = Fructus;
			productReference = 6A1BDEE12A4F486B006306EA /* Fructus.app */;
			productType = "com.apple.product-type.application";
		};
/* End PBXNativeTarget section */

/* Begin PBXProject section */
		6A1BDED92A4F486B006306EA /* Project object */ = {
			isa = PBXProject;
			attributes = {
				BuildIndependentTargetsInParallel = 1;
				LastSwiftUpdateCheck = 1420;
				LastUpgradeCheck = 1420;
				TargetAttributes = {
					6A1BDEE02A4F486B006306EA = {
						CreatedOnToolsVersion = 14.2;
					};
				};
			};
			buildConfigurationList = 6A1BDEDC2A4F486B006306EA /* Build configuration list for PBXProject "Fructus" */;
			compatibilityVersion = "Xcode 14.0";
			developmentRegion = en;
			hasScannedForEncodings = 0;
			knownRegions = (
				en,
				Base,
			);
			mainGroup = 6A1BDED82A4F486B006306EA;
			productRefGroup = 6A1BDEE22A4F486B006306EA /* Products */;
			projectDirPath = "";
			projectRoot = "";
			targets = (
				6A1BDEE02A4F486B006306EA /* Fructus */,
			);
		};
/* End PBXProject section */

/* Begin PBXResourcesBuildPhase section */
		6A1BDEDF2A4F486B006306EA /* Resources */ = {
			isa = PBXResourcesBuildPhase;
			buildActionMask = 2147483647;
			files = (
				6A1BDEEC2A4F486D006306EA /* Preview Assets.xcassets in Resources */,
				6A1BDEE92A4F486D006306EA /* Assets.xcassets in Resources */,
			);
			runOnlyForDeploymentPostprocessing = 0;
		};
/* End PBXResourcesBuildPhase section */

/* Begin PBXSourcesBuildPhase section */
		6A1BDEDD2A4F486B006306EA /* Sources */ = {
			isa = PBXSourcesBuildPhase;
			buildActionMask = 2147483647;
			files = (
				6A1BDEFF2A4F5D4E006306EA /* FruitData.swift in Sources */,
				6A1BDEE72A4F486B006306EA /* ContentView.swift in Sources */,
				6A1BDEF72A4F5085006306EA /* StartButtonView.swift in Sources */,
				6A1BDEF52A4F4BD1006306EA /* CardView.swift in Sources */,
				6A1BDEF92A4F5ACD006306EA /* OnboardingView.swift in Sources */,
				6A1BDEFC2A4F5C5D006306EA /* FruitModel.swift in Sources */,
				6A1BDEE52A4F486B006306EA /* FructusApp.swift in Sources */,
			);
			runOnlyForDeploymentPostprocessing = 0;
		};
/* End PBXSourcesBuildPhase section */

/* Begin XCBuildConfiguration section */
		6A1BDEED2A4F486D006306EA /* Debug */ = {
			isa = XCBuildConfiguration;
			buildSettings = {
				ALWAYS_SEARCH_USER_PATHS = NO;
				CLANG_ANALYZER_NONNULL = YES;
				CLANG_ANALYZER_NUMBER_OBJECT_CONVERSION = YES_AGGRESSIVE;
				CLANG_CXX_LANGUAGE_STANDARD = "gnu++20";
				CLANG_ENABLE_MODULES = YES;
				CLANG_ENABLE_OBJC_ARC = YES;
				CLANG_ENABLE_OBJC_WEAK = YES;
				CLANG_WARN_BLOCK_CAPTURE_AUTORELEASING = YES;
				CLANG_WARN_BOOL_CONVERSION = YES;
				CLANG_WARN_COMMA = YES;
				CLANG_WARN_CONSTANT_CONVERSION = YES;
				CLANG_WARN_DEPRECATED_OBJC_IMPLEMENTATIONS = YES;
				CLANG_WARN_DIRECT_OBJC_ISA_USAGE = YES_ERROR;
				CLANG_WARN_DOCUMENTATION_COMMENTS = YES;
				CLANG_WARN_EMPTY_BODY = YES;
				CLANG_WARN_ENUM_CONVERSION = YES;
				CLANG_WARN_INFINITE_RECURSION = YES;
				CLANG_WARN_INT_CONVERSION = YES;
				CLANG_WARN_NON_LITERAL_NULL_CONVERSION = YES;
				CLANG_WARN_OBJC_IMPLICIT_RETAIN_SELF = YES;
				CLANG_WARN_OBJC_LITERAL_CONVERSION = YES;
				CLANG_WARN_OBJC_ROOT_CLASS = YES_ERROR;
				CLANG_WARN_QUOTED_INCLUDE_IN_FRAMEWORK_HEADER = YES;
				CLANG_WARN_RANGE_LOOP_ANALYSIS = YES;
				CLANG_WARN_STRICT_PROTOTYPES = YES;
				CLANG_WARN_SUSPICIOUS_MOVE = YES;
				CLANG_WARN_UNGUARDED_AVAILABILITY = YES_AGGRESSIVE;
				CLANG_WARN_UNREACHABLE_CODE = YES;
				CLANG_WARN__DUPLICATE_METHOD_MATCH = YES;
				COPY_PHASE_STRIP = NO;
				DEBUG_INFORMATION_FORMAT = dwarf;
				ENABLE_STRICT_OBJC_MSGSEND = YES;
				ENABLE_TESTABILITY = YES;
				GCC_C_LANGUAGE_STANDARD = gnu11;
				GCC_DYNAMIC_NO_PIC = NO;
				GCC_NO_COMMON_BLOCKS = YES;
				GCC_OPTIMIZATION_LEVEL = 0;
				GCC_PREPROCESSOR_DEFINITIONS = (
					"DEBUG=1",
					"$(inherited)",
				);
				GCC_WARN_64_TO_32_BIT_CONVERSION = YES;
				GCC_WARN_ABOUT_RETURN_TYPE = YES_ERROR;
				GCC_WARN_UNDECLARED_SELECTOR = YES;
				GCC_WARN_UNINITIALIZED_AUTOS = YES_AGGRESSIVE;
				GCC_WARN_UNUSED_FUNCTION = YES;
				GCC_WARN_UNUSED_VARIABLE = YES;
				IPHONEOS_DEPLOYMENT_TARGET = 16.2;
				MTL_ENABLE_DEBUG_INFO = INCLUDE_SOURCE;
				MTL_FAST_MATH = YES;
				ONLY_ACTIVE_ARCH = YES;
				SDKROOT = iphoneos;
				SWIFT_ACTIVE_COMPILATION_CONDITIONS = DEBUG;
				SWIFT_OPTIMIZATION_LEVEL = "-Onone";
			};
			name = Debug;
		};
		6A1BDEEE2A4F486D006306EA /* Release */ = {
			isa = XCBuildConfiguration;
			buildSettings = {
				ALWAYS_SEARCH_USER_PATHS = NO;
				CLANG_ANALYZER_NONNULL = YES;
				CLANG_ANALYZER_NUMBER_OBJECT_CONVERSION = YES_AGGRESSIVE;
				CLANG_CXX_LANGUAGE_STANDARD = "gnu++20";
				CLANG_ENABLE_MODULES = YES;
				CLANG_ENABLE_OBJC_ARC = YES;
				CLANG_ENABLE_OBJC_WEAK = YES;
				CLANG_WARN_BLOCK_CAPTURE_AUTORELEASING = YES;
				CLANG_WARN_BOOL_CONVERSION = YES;
				CLANG_WARN_COMMA = YES;
				CLANG_WARN_CONSTANT_CONVERSION = YES;
				CLANG_WARN_DEPRECATED_OBJC_IMPLEMENTATIONS = YES;
				CLANG_WARN_DIRECT_OBJC_ISA_USAGE = YES_ERROR;
				CLANG_WARN_DOCUMENTATION_COMMENTS = YES;
				CLANG_WARN_EMPTY_BODY = YES;
				CLANG_WARN_ENUM_CONVERSION = YES;
				CLANG_WARN_INFINITE_RECURSION = YES;
				CLANG_WARN_INT_CONVERSION = YES;
				CLANG_WARN_NON_LITERAL_NULL_CONVERSION = YES;
				CLANG_WARN_OBJC_IMPLICIT_RETAIN_SELF = YES;
				CLANG_WARN_OBJC_LITERAL_CONVERSION = YES;
				CLANG_WARN_OBJC_ROOT_CLASS = YES_ERROR;
				CLANG_WARN_QUOTED_INCLUDE_IN_FRAMEWORK_HEADER = YES;
				CLANG_WARN_RANGE_LOOP_ANALYSIS = YES;
				CLANG_WARN_STRICT_PROTOTYPES = YES;
				CLANG_WARN_SUSPICIOUS_MOVE = YES;
				CLANG_WARN_UNGUARDED_AVAILABILITY = YES_AGGRESSIVE;
				CLANG_WARN_UNREACHABLE_CODE = YES;
				CLANG_WARN__DUPLICATE_METHOD_MATCH = YES;
				COPY_PHASE_STRIP = NO;
				DEBUG_INFORMATION_FORMAT = "dwarf-with-dsym";
				ENABLE_NS_ASSERTIONS = NO;
				ENABLE_STRICT_OBJC_MSGSEND = YES;
				GCC_C_LANGUAGE_STANDARD = gnu11;
				GCC_NO_COMMON_BLOCKS = YES;
				GCC_WARN_64_TO_32_BIT_CONVERSION = YES;
				GCC_WARN_ABOUT_RETURN_TYPE = YES_ERROR;
				GCC_WARN_UNDECLARED_SELECTOR = YES;
				GCC_WARN_UNINITIALIZED_AUTOS = YES_AGGRESSIVE;
				GCC_WARN_UNUSED_FUNCTION = YES;
				GCC_WARN_UNUSED_VARIABLE = YES;
				IPHONEOS_DEPLOYMENT_TARGET = 16.2;
				MTL_ENABLE_DEBUG_INFO = NO;
				MTL_FAST_MATH = YES;
				SDKROOT = iphoneos;
				SWIFT_COMPILATION_MODE = wholemodule;
				SWIFT_OPTIMIZATION_LEVEL = "-O";
				VALIDATE_PRODUCT = YES;
			};
			name = Release;
		};
		6A1BDEF02A4F486D006306EA /* Debug */ = {
			isa = XCBuildConfiguration;
			buildSettings = {
				ASSETCATALOG_COMPILER_APPICON_NAME = AppIcon;
				ASSETCATALOG_COMPILER_GLOBAL_ACCENT_COLOR_NAME = AccentColor;
				CODE_SIGN_STYLE = Automatic;
				CURRENT_PROJECT_VERSION = 1;
				DEVELOPMENT_ASSET_PATHS = "\"Fructus/Preview Content\"";
				DEVELOPMENT_TEAM = ZU9JV8BYC8;
				ENABLE_PREVIEWS = YES;
				GENERATE_INFOPLIST_FILE = YES;
				INFOPLIST_KEY_UIApplicationSceneManifest_Generation = YES;
				INFOPLIST_KEY_UIApplicationSupportsIndirectInputEvents = YES;
				INFOPLIST_KEY_UILaunchScreen_Generation = YES;
				INFOPLIST_KEY_UISupportedInterfaceOrientations = UIInterfaceOrientationPortrait;
				LD_RUNPATH_SEARCH_PATHS = (
					"$(inherited)",
					"@executable_path/Frameworks",
				);
				MARKETING_VERSION = 1.0;
				PRODUCT_BUNDLE_IDENTIFIER = io.petariliev.Fructus;
				PRODUCT_NAME = "$(TARGET_NAME)";
				SWIFT_EMIT_LOC_STRINGS = YES;
				SWIFT_VERSION = 5.0;
				TARGETED_DEVICE_FAMILY = "1,2";
			};
			name = Debug;
		};
		6A1BDEF12A4F486D006306EA /* Release */ = {
			isa = XCBuildConfiguration;
			buildSettings = {
				ASSETCATALOG_COMPILER_APPICON_NAME = AppIcon;
				ASSETCATALOG_COMPILER_GLOBAL_ACCENT_COLOR_NAME = AccentColor;
				CODE_SIGN_STYLE = Automatic;
				CURRENT_PROJECT_VERSION = 1;
				DEVELOPMENT_ASSET_PATHS = "\"Fructus/Preview Content\"";
				DEVELOPMENT_TEAM = ZU9JV8BYC8;
				ENABLE_PREVIEWS = YES;
				GENERATE_INFOPLIST_FILE = YES;
				INFOPLIST_KEY_UIApplicationSceneManifest_Generation = YES;
				INFOPLIST_KEY_UIApplicationSupportsIndirectInputEvents = YES;
				INFOPLIST_KEY_UILaunchScreen_Generation = YES;
				INFOPLIST_KEY_UISupportedInterfaceOrientations = UIInterfaceOrientationPortrait;
				LD_RUNPATH_SEARCH_PATHS = (
					"$(inherited)",
					"@executable_path/Frameworks",
				);
				MARKETING_VERSION = 1.0;
				PRODUCT_BUNDLE_IDENTIFIER = io.petariliev.Fructus;
				PRODUCT_NAME = "$(TARGET_NAME)";
				SWIFT_EMIT_LOC_STRINGS = YES;
				SWIFT_VERSION = 5.0;
				TARGETED_DEVICE_FAMILY = "1,2";
			};
			name = Release;
		};
/* End XCBuildConfiguration section */

/* Begin XCConfigurationList section */
		6A1BDEDC2A4F486B006306EA /* Build configuration list for PBXProject "Fructus" */ = {
			isa = XCConfigurationList;
			buildConfigurations = (
				6A1BDEED2A4F486D006306EA /* Debug */,
				6A1BDEEE2A4F486D006306EA /* Release */,
			);
			defaultConfigurationIsVisible = 0;
			defaultConfigurationName = Release;
		};
		6A1BDEEF2A4F486D006306EA /* Build configuration list for PBXNativeTarget "Fructus" */ = {
			isa = XCConfigurationList;
			buildConfigurations = (
				6A1BDEF02A4F486D006306EA /* Debug */,
				6A1BDEF12A4F486D006306EA /* Release */,
			);
			defaultConfigurationIsVisible = 0;
			defaultConfigurationName = Release;
		};
/* End XCConfigurationList section */
	};
	rootObject = 6A1BDED92A4F486B006306EA /* Project object */;
}
